
Microsoft Visual Studio Solution File, Format Version 12.00
# Visual Studio 15
VisualStudioVersion = 15.0.27004.2002
MinimumVisualStudioVersion = 10.0.40219.1
Project("{9A19103F-16F7-4668-BE54-9A1E7A4F7556}") = "AspNetCoreJWT", "AspNetCoreJWT\AspNetCoreJWT.csproj", "{934C1370-837F-4FBB-BCE5-597869DC2EC6}"
EndProject
Project("{FAE04EC0-301F-11D3-BF4B-00C04F79EFBC}") = "Client", "Client\Client.csproj", "{02BDC263-DA75-48B5-86A2-333C2437CCCF}"
EndProject
Global
	GlobalSection(SolutionConfigurationPlatforms) = preSolution
		Debug|Any CPU = Debug|Any CPU
		Release|Any CPU = Release|Any CPU
	EndGlobalSection
	GlobalSection(ProjectConfigurationPlatforms) = postSolution
		{934C1370-837F-4FBB-BCE5-597869DC2EC6}.Debug|Any CPU.ActiveCfg = Debug|Any CPU
		{934C1370-837F-4FBB-BCE5-597869DC2EC6}.Debug|Any CPU.Build.0 = Debug|Any CPU
		{934C1370-837F-4FBB-BCE5-597869DC2EC6}.Release|Any CPU.ActiveCfg = Release|Any CPU
		{934C1370-837F-4FBB-BCE5-597869DC2EC6}.Release|Any CPU.Build.0 = Release|Any CPU
		{02BDC263-DA75-48B5-86A2-333C2437CCCF}.Debug|Any CPU.ActiveCfg = Debug|Any CPU
		{02BDC263-DA75-48B5-86A2-333C2437CCCF}.Debug|Any CPU.Build.0 = Debug|Any CPU
		{02BDC263-DA75-48B5-86A2-333C2437CCCF}.Release|Any CPU.ActiveCfg = Release|Any CPU
		{02BDC263-DA75-48B5-86A2-333C2437CCCF}.Release|Any CPU.Build.0 = Release|Any CPU
	EndGlobalSection
	GlobalSection(SolutionProperties) = preSolution
		HideSolutionNode = FALSE
	EndGlobalSection
	GlobalSection(ExtensibilityGlobals) = postSolution
		SolutionGuid = {324126C1-0DB7-4FD8-9BC1-C42EC1D66032}
	EndGlobalSection
EndGlobal
