
Microsoft Visual Studio Solution File, Format Version 12.00
# Visual Studio Version 16
VisualStudioVersion = 16.0.30503.244
MinimumVisualStudioVersion = 10.0.40219.1
Project("{9A19103F-16F7-4668-BE54-9A1E7A4F7556}") = "AspNetCoreIdentityServer", "AspNetCoreIdentityServer\AspNetCoreIdentityServer.csproj", "{BA3B956B-D51C-485E-A80B-0D6623975DFA}"
EndProject
Project("{9A19103F-16F7-4668-BE54-9A1E7A4F7556}") = "ApiResource", "ApiResource\ApiResource.csproj", "{DBA87F35-EC86-459A-8A8D-74427F61A9DB}"
EndProject
Project("{9A19103F-16F7-4668-BE54-9A1E7A4F7556}") = "MvcClient", "MvcClient\MvcClient.csproj", "{4AF34743-BA5A-4396-9AE8-8E3717522560}"
EndProject
Global
	GlobalSection(SolutionConfigurationPlatforms) = preSolution
		Debug|Any CPU = Debug|Any CPU
		Release|Any CPU = Release|Any CPU
	EndGlobalSection
	GlobalSection(ProjectConfigurationPlatforms) = postSolution
		{BA3B956B-D51C-485E-A80B-0D6623975DFA}.Debug|Any CPU.ActiveCfg = Debug|Any CPU
		{BA3B956B-D51C-485E-A80B-0D6623975DFA}.Debug|Any CPU.Build.0 = Debug|Any CPU
		{BA3B956B-D51C-485E-A80B-0D6623975DFA}.Release|Any CPU.ActiveCfg = Release|Any CPU
		{BA3B956B-D51C-485E-A80B-0D6623975DFA}.Release|Any CPU.Build.0 = Release|Any CPU
		{DBA87F35-EC86-459A-8A8D-74427F61A9DB}.Debug|Any CPU.ActiveCfg = Debug|Any CPU
		{DBA87F35-EC86-459A-8A8D-74427F61A9DB}.Debug|Any CPU.Build.0 = Debug|Any CPU
		{DBA87F35-EC86-459A-8A8D-74427F61A9DB}.Release|Any CPU.ActiveCfg = Release|Any CPU
		{DBA87F35-EC86-459A-8A8D-74427F61A9DB}.Release|Any CPU.Build.0 = Release|Any CPU
		{4AF34743-BA5A-4396-9AE8-8E3717522560}.Debug|Any CPU.ActiveCfg = Debug|Any CPU
		{4AF34743-BA5A-4396-9AE8-8E3717522560}.Debug|Any CPU.Build.0 = Debug|Any CPU
		{4AF34743-BA5A-4396-9AE8-8E3717522560}.Release|Any CPU.ActiveCfg = Release|Any CPU
		{4AF34743-BA5A-4396-9AE8-8E3717522560}.Release|Any CPU.Build.0 = Release|Any CPU
	EndGlobalSection
	GlobalSection(SolutionProperties) = preSolution
		HideSolutionNode = FALSE
	EndGlobalSection
	GlobalSection(ExtensibilityGlobals) = postSolution
		SolutionGuid = {4DB5543D-6407-47F3-855F-7C74374E4B12}
	EndGlobalSection
EndGlobal
